// !$*UTF8*$!
{
	archiveVersion = 1;
	classes = {
	};
	objectVersion = 77;
	objects = {

/* Begin PBXBuildFile section */
		850343992D6B77E400375ABC /* EFMiOS.framework in Frameworks */ = {isa = PBXBuildFile; fileRef = 850343912D6B77E400375ABC /* EFMiOS.framework */; };
		850343C32D6B85E400375ABC /* EFM.framework in Frameworks */ = {isa = PBXBuildFile; fileRef = 8590F1C42D6B4A6F006FC9EC /* EFM.framework */; };
		850343C42D6B85E400375ABC /* EFM.framework in Embed Frameworks */ = {isa = PBXBuildFile; fileRef = 8590F1C42D6B4A6F006FC9EC /* EFM.framework */; settings = {ATTRIBUTES = (CodeSignOnCopy, RemoveHeadersOnCopy, ); }; };
		8590F1CD2D6B4A6F006FC9EC /* EFM.framework in Frameworks */ = {isa = PBXBuildFile; fileRef = 8590F1C42D6B4A6F006FC9EC /* EFM.framework */; };
/* End PBXBuildFile section */

/* Begin PBXContainerItemProxy section */
		8503439A2D6B77E400375ABC /* PBXContainerItemProxy */ = {
			isa = PBXContainerItemProxy;
			containerPortal = 8590F1BB2D6B4A6F006FC9EC /* Project object */;
			proxyType = 1;
			remoteGlobalIDString = 850343902D6B77E400375ABC;
			remoteInfo = EFMiOS;
		};
		850343C52D6B85E400375ABC /* PBXContainerItemProxy */ = {
			isa = PBXContainerItemProxy;
			containerPortal = 8590F1BB2D6B4A6F006FC9EC /* Project object */;
			proxyType = 1;
			remoteGlobalIDString = 8590F1C32D6B4A6F006FC9EC;
			remoteInfo = EFM;
		};
		8590F1CE2D6B4A6F006FC9EC /* PBXContainerItemProxy */ = {
			isa = PBXContainerItemProxy;
			containerPortal = 8590F1BB2D6B4A6F006FC9EC /* Project object */;
			proxyType = 1;
			remoteGlobalIDString = 8590F1C32D6B4A6F006FC9EC;
			remoteInfo = EFM;
		};
/* End PBXContainerItemProxy section */

/* Begin PBXCopyFilesBuildPhase section */
		850343C72D6B85E400375ABC /* Embed Frameworks */ = {
			isa = PBXCopyFilesBuildPhase;
			buildActionMask = 2147483647;
			dstPath = "";
			dstSubfolderSpec = 10;
			files = (
				850343C42D6B85E400375ABC /* EFM.framework in Embed Frameworks */,
			);
			name = "Embed Frameworks";
			runOnlyForDeploymentPostprocessing = 0;
		};
/* End PBXCopyFilesBuildPhase section */

/* Begin PBXFileReference section */
		850343912D6B77E400375ABC /* EFMiOS.framework */ = {isa = PBXFileReference; explicitFileType = wrapper.framework; includeInIndex = 0; path = EFMiOS.framework; sourceTree = BUILT_PRODUCTS_DIR; };
		850343982D6B77E400375ABC /* EFMiOSTests.xctest */ = {isa = PBXFileReference; explicitFileType = wrapper.cfbundle; includeInIndex = 0; path = EFMiOSTests.xctest; sourceTree = BUILT_PRODUCTS_DIR; };
		8590F1C42D6B4A6F006FC9EC /* EFM.framework */ = {isa = PBXFileReference; explicitFileType = wrapper.framework; includeInIndex = 0; path = EFM.framework; sourceTree = BUILT_PRODUCTS_DIR; };
		8590F1CC2D6B4A6F006FC9EC /* EFMTests.xctest */ = {isa = PBXFileReference; explicitFileType = wrapper.cfbundle; includeInIndex = 0; path = EFMTests.xctest; sourceTree = BUILT_PRODUCTS_DIR; };
/* End PBXFileReference section */

/* Begin PBXFileSystemSynchronizedBuildFileExceptionSet section */
		855696B52D6DEA2800AFA083 /* Exceptions for "EFM" folder in "EFM" target */ = {
			isa = PBXFileSystemSynchronizedBuildFileExceptionSet;
			membershipExceptions = (
				"Feed Presentation/FeedImagePresenter.swift",
				"Feed Presentation/FeedPresenter.swift",
				"Feed Presentation/Models/FeedErrorViewModel.swift",
				"Feed Presentation/Models/FeedImageCellViewModel.swift",
				"Feed Presentation/Models/FeedLoadingViewModel.swift",
				"Feed Presentation/Models/FeedViewModel.swift",
			);
			target = 8590F1C32D6B4A6F006FC9EC /* EFM */;
		};
		855696B62D6DEA2800AFA083 /* Exceptions for "EFM" folder in "EFMiOS" target */ = {
			isa = PBXFileSystemSynchronizedBuildFileExceptionSet;
			membershipExceptions = (
				"Feed Presentation/FeedImagePresenter.swift",
				"Feed Presentation/FeedPresenter.swift",
				"Feed Presentation/Models/FeedErrorViewModel.swift",
				"Feed Presentation/Models/FeedImageCellViewModel.swift",
				"Feed Presentation/Models/FeedLoadingViewModel.swift",
				"Feed Presentation/Models/FeedViewModel.swift",
			);
			target = 850343902D6B77E400375ABC /* EFMiOS */;
		};
/* End PBXFileSystemSynchronizedBuildFileExceptionSet section */

/* Begin PBXFileSystemSynchronizedRootGroup section */
		850343922D6B77E400375ABC /* EFMiOS */ = {
			isa = PBXFileSystemSynchronizedRootGroup;
			path = EFMiOS;
			sourceTree = "<group>";
		};
		8503439C2D6B77E400375ABC /* EFMiOSTests */ = {
			isa = PBXFileSystemSynchronizedRootGroup;
			path = EFMiOSTests;
			sourceTree = "<group>";
		};
		8590F1C62D6B4A6F006FC9EC /* EFM */ = {
			isa = PBXFileSystemSynchronizedRootGroup;
			exceptions = (
				855696B52D6DEA2800AFA083 /* Exceptions for "EFM" folder in "EFM" target */,
				855696B62D6DEA2800AFA083 /* Exceptions for "EFM" folder in "EFMiOS" target */,
			);
			path = EFM;
			sourceTree = "<group>";
		};
		8590F1D02D6B4A6F006FC9EC /* EFMTests */ = {
			isa = PBXFileSystemSynchronizedRootGroup;
			path = EFMTests;
			sourceTree = "<group>";
		};
/* End PBXFileSystemSynchronizedRootGroup section */

/* Begin PBXFrameworksBuildPhase section */
		8503438E2D6B77E400375ABC /* Frameworks */ = {
			isa = PBXFrameworksBuildPhase;
			buildActionMask = 2147483647;
			files = (
				850343C32D6B85E400375ABC /* EFM.framework in Frameworks */,
			);
			runOnlyForDeploymentPostprocessing = 0;
		};
		850343952D6B77E400375ABC /* Frameworks */ = {
			isa = PBXFrameworksBuildPhase;
			buildActionMask = 2147483647;
			files = (
				850343992D6B77E400375ABC /* EFMiOS.framework in Frameworks */,
			);
			runOnlyForDeploymentPostprocessing = 0;
		};
		8590F1C12D6B4A6F006FC9EC /* Frameworks */ = {
			isa = PBXFrameworksBuildPhase;
			buildActionMask = 2147483647;
			files = (
			);
			runOnlyForDeploymentPostprocessing = 0;
		};
		8590F1C92D6B4A6F006FC9EC /* Frameworks */ = {
			isa = PBXFrameworksBuildPhase;
			buildActionMask = 2147483647;
			files = (
				8590F1CD2D6B4A6F006FC9EC /* EFM.framework in Frameworks */,
			);
			runOnlyForDeploymentPostprocessing = 0;
		};
/* End PBXFrameworksBuildPhase section */

/* Begin PBXGroup section */
		850343C22D6B85E400375ABC /* Frameworks */ = {
			isa = PBXGroup;
			children = (
			);
			name = Frameworks;
			sourceTree = "<group>";
		};
		8590F1BA2D6B4A6F006FC9EC = {
			isa = PBXGroup;
			children = (
				8590F1C62D6B4A6F006FC9EC /* EFM */,
				8590F1D02D6B4A6F006FC9EC /* EFMTests */,
				850343922D6B77E400375ABC /* EFMiOS */,
				8503439C2D6B77E400375ABC /* EFMiOSTests */,
				850343C22D6B85E400375ABC /* Frameworks */,
				8590F1C52D6B4A6F006FC9EC /* Products */,
			);
			sourceTree = "<group>";
		};
		8590F1C52D6B4A6F006FC9EC /* Products */ = {
			isa = PBXGroup;
			children = (
				8590F1C42D6B4A6F006FC9EC /* EFM.framework */,
				8590F1CC2D6B4A6F006FC9EC /* EFMTests.xctest */,
				850343912D6B77E400375ABC /* EFMiOS.framework */,
				850343982D6B77E400375ABC /* EFMiOSTests.xctest */,
			);
			name = Products;
			sourceTree = "<group>";
		};
/* End PBXGroup section */

/* Begin PBXHeadersBuildPhase section */
		8503438C2D6B77E400375ABC /* Headers */ = {
			isa = PBXHeadersBuildPhase;
			buildActionMask = 2147483647;
			files = (
			);
			runOnlyForDeploymentPostprocessing = 0;
		};
		8590F1BF2D6B4A6F006FC9EC /* Headers */ = {
			isa = PBXHeadersBuildPhase;
			buildActionMask = 2147483647;
			files = (
			);
			runOnlyForDeploymentPostprocessing = 0;
		};
/* End PBXHeadersBuildPhase section */

/* Begin PBXNativeTarget section */
		850343902D6B77E400375ABC /* EFMiOS */ = {
			isa = PBXNativeTarget;
			buildConfigurationList = 850343A12D6B77E400375ABC /* Build configuration list for PBXNativeTarget "EFMiOS" */;
			buildPhases = (
				8503438C2D6B77E400375ABC /* Headers */,
				8503438D2D6B77E400375ABC /* Sources */,
				8503438E2D6B77E400375ABC /* Frameworks */,
				8503438F2D6B77E400375ABC /* Resources */,
				850343C72D6B85E400375ABC /* Embed Frameworks */,
			);
			buildRules = (
			);
			dependencies = (
				850343C62D6B85E400375ABC /* PBXTargetDependency */,
			);
			fileSystemSynchronizedGroups = (
				850343922D6B77E400375ABC /* EFMiOS */,
			);
			name = EFMiOS;
			packageProductDependencies = (
			);
			productName = EFMiOS;
			productReference = 850343912D6B77E400375ABC /* EFMiOS.framework */;
			productType = "com.apple.product-type.framework";
		};
		850343972D6B77E400375ABC /* EFMiOSTests */ = {
			isa = PBXNativeTarget;
			buildConfigurationList = 850343A42D6B77E400375ABC /* Build configuration list for PBXNativeTarget "EFMiOSTests" */;
			buildPhases = (
				850343942D6B77E400375ABC /* Sources */,
				850343952D6B77E400375ABC /* Frameworks */,
				850343962D6B77E400375ABC /* Resources */,
			);
			buildRules = (
			);
			dependencies = (
				8503439B2D6B77E400375ABC /* PBXTargetDependency */,
			);
			fileSystemSynchronizedGroups = (
				8503439C2D6B77E400375ABC /* EFMiOSTests */,
			);
			name = EFMiOSTests;
			packageProductDependencies = (
			);
			productName = EFMiOSTests;
			productReference = 850343982D6B77E400375ABC /* EFMiOSTests.xctest */;
			productType = "com.apple.product-type.bundle.unit-test";
		};
		8590F1C32D6B4A6F006FC9EC /* EFM */ = {
			isa = PBXNativeTarget;
			buildConfigurationList = 8590F1D52D6B4A6F006FC9EC /* Build configuration list for PBXNativeTarget "EFM" */;
			buildPhases = (
				8590F1BF2D6B4A6F006FC9EC /* Headers */,
				8590F1C02D6B4A6F006FC9EC /* Sources */,
				8590F1C12D6B4A6F006FC9EC /* Frameworks */,
				8590F1C22D6B4A6F006FC9EC /* Resources */,
			);
			buildRules = (
			);
			dependencies = (
			);
			fileSystemSynchronizedGroups = (
				8590F1C62D6B4A6F006FC9EC /* EFM */,
			);
			name = EFM;
			packageProductDependencies = (
			);
			productName = EFM;
			productReference = 8590F1C42D6B4A6F006FC9EC /* EFM.framework */;
			productType = "com.apple.product-type.framework";
		};
		8590F1CB2D6B4A6F006FC9EC /* EFMTests */ = {
			isa = PBXNativeTarget;
			buildConfigurationList = 8590F1DA2D6B4A6F006FC9EC /* Build configuration list for PBXNativeTarget "EFMTests" */;
			buildPhases = (
				8590F1C82D6B4A6F006FC9EC /* Sources */,
				8590F1C92D6B4A6F006FC9EC /* Frameworks */,
				8590F1CA2D6B4A6F006FC9EC /* Resources */,
			);
			buildRules = (
			);
			dependencies = (
				8590F1CF2D6B4A6F006FC9EC /* PBXTargetDependency */,
			);
			fileSystemSynchronizedGroups = (
				8590F1D02D6B4A6F006FC9EC /* EFMTests */,
			);
			name = EFMTests;
			packageProductDependencies = (
			);
			productName = EFMTests;
			productReference = 8590F1CC2D6B4A6F006FC9EC /* EFMTests.xctest */;
			productType = "com.apple.product-type.bundle.unit-test";
		};
/* End PBXNativeTarget section */

/* Begin PBXProject section */
		8590F1BB2D6B4A6F006FC9EC /* Project object */ = {
			isa = PBXProject;
			attributes = {
				BuildIndependentTargetsInParallel = 1;
				LastSwiftUpdateCheck = 1620;
				LastUpgradeCheck = 1620;
				TargetAttributes = {
					850343902D6B77E400375ABC = {
						CreatedOnToolsVersion = 16.2;
						LastSwiftMigration = 1620;
					};
					850343972D6B77E400375ABC = {
						CreatedOnToolsVersion = 16.2;
						LastSwiftMigration = 1620;
					};
					8590F1C32D6B4A6F006FC9EC = {
						CreatedOnToolsVersion = 16.2;
					};
					8590F1CB2D6B4A6F006FC9EC = {
						CreatedOnToolsVersion = 16.2;
						LastSwiftMigration = 1620;
					};
				};
			};
			buildConfigurationList = 8590F1BE2D6B4A6F006FC9EC /* Build configuration list for PBXProject "EFM" */;
			developmentRegion = en;
			hasScannedForEncodings = 0;
			knownRegions = (
				en,
				Base,
				el,
				"pt-PT",
			);
			mainGroup = 8590F1BA2D6B4A6F006FC9EC;
			minimizedProjectReferenceProxies = 1;
			preferredProjectObjectVersion = 77;
			productRefGroup = 8590F1C52D6B4A6F006FC9EC /* Products */;
			projectDirPath = "";
			projectRoot = "";
			targets = (
				8590F1C32D6B4A6F006FC9EC /* EFM */,
				8590F1CB2D6B4A6F006FC9EC /* EFMTests */,
				850343902D6B77E400375ABC /* EFMiOS */,
				850343972D6B77E400375ABC /* EFMiOSTests */,
			);
		};
/* End PBXProject section */

/* Begin PBXResourcesBuildPhase section */
		8503438F2D6B77E400375ABC /* Resources */ = {
			isa = PBXResourcesBuildPhase;
			buildActionMask = 2147483647;
			files = (
			);
			runOnlyForDeploymentPostprocessing = 0;
		};
		850343962D6B77E400375ABC /* Resources */ = {
			isa = PBXResourcesBuildPhase;
			buildActionMask = 2147483647;
			files = (
			);
			runOnlyForDeploymentPostprocessing = 0;
		};
		8590F1C22D6B4A6F006FC9EC /* Resources */ = {
			isa = PBXResourcesBuildPhase;
			buildActionMask = 2147483647;
			files = (
			);
			runOnlyForDeploymentPostprocessing = 0;
		};
		8590F1CA2D6B4A6F006FC9EC /* Resources */ = {
			isa = PBXResourcesBuildPhase;
			buildActionMask = 2147483647;
			files = (
			);
			runOnlyForDeploymentPostprocessing = 0;
		};
/* End PBXResourcesBuildPhase section */

/* Begin PBXSourcesBuildPhase section */
		8503438D2D6B77E400375ABC /* Sources */ = {
			isa = PBXSourcesBuildPhase;
			buildActionMask = 2147483647;
			files = (
			);
			runOnlyForDeploymentPostprocessing = 0;
		};
		850343942D6B77E400375ABC /* Sources */ = {
			isa = PBXSourcesBuildPhase;
			buildActionMask = 2147483647;
			files = (
			);
			runOnlyForDeploymentPostprocessing = 0;
		};
		8590F1C02D6B4A6F006FC9EC /* Sources */ = {
			isa = PBXSourcesBuildPhase;
			buildActionMask = 2147483647;
			files = (
			);
			runOnlyForDeploymentPostprocessing = 0;
		};
		8590F1C82D6B4A6F006FC9EC /* Sources */ = {
			isa = PBXSourcesBuildPhase;
			buildActionMask = 2147483647;
			files = (
			);
			runOnlyForDeploymentPostprocessing = 0;
		};
/* End PBXSourcesBuildPhase section */

/* Begin PBXTargetDependency section */
		8503439B2D6B77E400375ABC /* PBXTargetDependency */ = {
			isa = PBXTargetDependency;
			target = 850343902D6B77E400375ABC /* EFMiOS */;
			targetProxy = 8503439A2D6B77E400375ABC /* PBXContainerItemProxy */;
		};
		850343C62D6B85E400375ABC /* PBXTargetDependency */ = {
			isa = PBXTargetDependency;
			target = 8590F1C32D6B4A6F006FC9EC /* EFM */;
			targetProxy = 850343C52D6B85E400375ABC /* PBXContainerItemProxy */;
		};
		8590F1CF2D6B4A6F006FC9EC /* PBXTargetDependency */ = {
			isa = PBXTargetDependency;
			target = 8590F1C32D6B4A6F006FC9EC /* EFM */;
			targetProxy = 8590F1CE2D6B4A6F006FC9EC /* PBXContainerItemProxy */;
		};
/* End PBXTargetDependency section */

/* Begin XCBuildConfiguration section */
		850343A22D6B77E400375ABC /* Debug */ = {
			isa = XCBuildConfiguration;
			buildSettings = {
				BUILD_LIBRARY_FOR_DISTRIBUTION = YES;
				CLANG_ENABLE_MODULES = YES;
				CODE_SIGN_STYLE = Automatic;
				CURRENT_PROJECT_VERSION = 1;
				DEFINES_MODULE = YES;
				DYLIB_COMPATIBILITY_VERSION = 1;
				DYLIB_CURRENT_VERSION = 1;
				DYLIB_INSTALL_NAME_BASE = "@rpath";
				ENABLE_MODULE_VERIFIER = YES;
				GENERATE_INFOPLIST_FILE = YES;
				INFOPLIST_KEY_NSHumanReadableCopyright = "";
				INSTALL_PATH = "$(LOCAL_LIBRARY_DIR)/Frameworks";
				IPHONEOS_DEPLOYMENT_TARGET = 18.2;
				LD_RUNPATH_SEARCH_PATHS = (
					"$(inherited)",
					"@executable_path/Frameworks",
					"@loader_path/Frameworks",
				);
				MARKETING_VERSION = 1.0;
				MODULE_VERIFIER_SUPPORTED_LANGUAGES = "objective-c objective-c++";
				MODULE_VERIFIER_SUPPORTED_LANGUAGE_STANDARDS = "gnu17 gnu++20";
				PRODUCT_BUNDLE_IDENTIFIER = com.yaremenko.denis.EFMiOS;
				PRODUCT_NAME = "$(TARGET_NAME:c99extidentifier)";
				SDKROOT = iphoneos;
				SKIP_INSTALL = YES;
				SWIFT_EMIT_LOC_STRINGS = YES;
				SWIFT_INSTALL_OBJC_HEADER = NO;
				SWIFT_OPTIMIZATION_LEVEL = "-Onone";
				SWIFT_VERSION = 5.0;
				TARGETED_DEVICE_FAMILY = "1,2";
			};
			name = Debug;
		};
		850343A32D6B77E400375ABC /* Release */ = {
			isa = XCBuildConfiguration;
			buildSettings = {
				BUILD_LIBRARY_FOR_DISTRIBUTION = YES;
				CLANG_ENABLE_MODULES = YES;
				CODE_SIGN_STYLE = Automatic;
				CURRENT_PROJECT_VERSION = 1;
				DEFINES_MODULE = YES;
				DYLIB_COMPATIBILITY_VERSION = 1;
				DYLIB_CURRENT_VERSION = 1;
				DYLIB_INSTALL_NAME_BASE = "@rpath";
				ENABLE_MODULE_VERIFIER = YES;
				GENERATE_INFOPLIST_FILE = YES;
				INFOPLIST_KEY_NSHumanReadableCopyright = "";
				INSTALL_PATH = "$(LOCAL_LIBRARY_DIR)/Frameworks";
				IPHONEOS_DEPLOYMENT_TARGET = 18.2;
				LD_RUNPATH_SEARCH_PATHS = (
					"$(inherited)",
					"@executable_path/Frameworks",
					"@loader_path/Frameworks",
				);
				MARKETING_VERSION = 1.0;
				MODULE_VERIFIER_SUPPORTED_LANGUAGES = "objective-c objective-c++";
				MODULE_VERIFIER_SUPPORTED_LANGUAGE_STANDARDS = "gnu17 gnu++20";
				PRODUCT_BUNDLE_IDENTIFIER = com.yaremenko.denis.EFMiOS;
				PRODUCT_NAME = "$(TARGET_NAME:c99extidentifier)";
				SDKROOT = iphoneos;
				SKIP_INSTALL = YES;
				SWIFT_EMIT_LOC_STRINGS = YES;
				SWIFT_INSTALL_OBJC_HEADER = NO;
				SWIFT_VERSION = 5.0;
				TARGETED_DEVICE_FAMILY = "1,2";
				VALIDATE_PRODUCT = YES;
			};
			name = Release;
		};
		850343A52D6B77E400375ABC /* Debug */ = {
			isa = XCBuildConfiguration;
			buildSettings = {
				CLANG_ENABLE_MODULES = YES;
				CODE_SIGN_STYLE = Automatic;
				CURRENT_PROJECT_VERSION = 1;
				GENERATE_INFOPLIST_FILE = YES;
				IPHONEOS_DEPLOYMENT_TARGET = 18.2;
				MARKETING_VERSION = 1.0;
				PRODUCT_BUNDLE_IDENTIFIER = com.yaremenko.denis.EFMiOSTests;
				PRODUCT_NAME = "$(TARGET_NAME)";
				SDKROOT = iphoneos;
				SWIFT_EMIT_LOC_STRINGS = NO;
				SWIFT_OPTIMIZATION_LEVEL = "-Onone";
				SWIFT_VERSION = 5.0;
				TARGETED_DEVICE_FAMILY = "1,2";
			};
			name = Debug;
		};
		850343A62D6B77E400375ABC /* Release */ = {
			isa = XCBuildConfiguration;
			buildSettings = {
				CLANG_ENABLE_MODULES = YES;
				CODE_SIGN_STYLE = Automatic;
				CURRENT_PROJECT_VERSION = 1;
				GENERATE_INFOPLIST_FILE = YES;
				IPHONEOS_DEPLOYMENT_TARGET = 18.2;
				MARKETING_VERSION = 1.0;
				PRODUCT_BUNDLE_IDENTIFIER = com.yaremenko.denis.EFMiOSTests;
				PRODUCT_NAME = "$(TARGET_NAME)";
				SDKROOT = iphoneos;
				SWIFT_EMIT_LOC_STRINGS = NO;
				SWIFT_VERSION = 5.0;
				TARGETED_DEVICE_FAMILY = "1,2";
				VALIDATE_PRODUCT = YES;
			};
			name = Release;
		};
		8590F1D62D6B4A6F006FC9EC /* Debug */ = {
			isa = XCBuildConfiguration;
			buildSettings = {
				BUILD_LIBRARY_FOR_DISTRIBUTION = YES;
				CODE_SIGN_STYLE = Automatic;
				COMBINE_HIDPI_IMAGES = YES;
				CURRENT_PROJECT_VERSION = 1;
				DEFINES_MODULE = YES;
				DYLIB_COMPATIBILITY_VERSION = 1;
				DYLIB_CURRENT_VERSION = 1;
				DYLIB_INSTALL_NAME_BASE = "@rpath";
				ENABLE_MODULE_VERIFIER = YES;
				GENERATE_INFOPLIST_FILE = YES;
				INFOPLIST_KEY_NSHumanReadableCopyright = "";
				INSTALL_PATH = "$(LOCAL_LIBRARY_DIR)/Frameworks";
				LD_RUNPATH_SEARCH_PATHS = (
					"$(inherited)",
					"@executable_path/../Frameworks",
					"@loader_path/Frameworks",
				);
				MARKETING_VERSION = 1.0;
				MODULE_VERIFIER_SUPPORTED_LANGUAGES = "objective-c objective-c++";
				MODULE_VERIFIER_SUPPORTED_LANGUAGE_STANDARDS = "gnu17 gnu++20";
				PRODUCT_BUNDLE_IDENTIFIER = com.yaremenko.denis.EFM;
				PRODUCT_NAME = "$(TARGET_NAME:c99extidentifier)";
				SKIP_INSTALL = YES;
				SUPPORTED_PLATFORMS = "macosx iphoneos iphonesimulator";
				SWIFT_EMIT_LOC_STRINGS = YES;
				SWIFT_INSTALL_OBJC_HEADER = NO;
				SWIFT_VERSION = 5.0;
			};
			name = Debug;
		};
		8590F1D72D6B4A6F006FC9EC /* Release */ = {
			isa = XCBuildConfiguration;
			buildSettings = {
				BUILD_LIBRARY_FOR_DISTRIBUTION = YES;
				CODE_SIGN_STYLE = Automatic;
				COMBINE_HIDPI_IMAGES = YES;
				CURRENT_PROJECT_VERSION = 1;
				DEFINES_MODULE = YES;
				DYLIB_COMPATIBILITY_VERSION = 1;
				DYLIB_CURRENT_VERSION = 1;
				DYLIB_INSTALL_NAME_BASE = "@rpath";
				ENABLE_MODULE_VERIFIER = YES;
				GENERATE_INFOPLIST_FILE = YES;
				INFOPLIST_KEY_NSHumanReadableCopyright = "";
				INSTALL_PATH = "$(LOCAL_LIBRARY_DIR)/Frameworks";
				LD_RUNPATH_SEARCH_PATHS = (
					"$(inherited)",
					"@executable_path/../Frameworks",
					"@loader_path/Frameworks",
				);
				MARKETING_VERSION = 1.0;
				MODULE_VERIFIER_SUPPORTED_LANGUAGES = "objective-c objective-c++";
				MODULE_VERIFIER_SUPPORTED_LANGUAGE_STANDARDS = "gnu17 gnu++20";
				PRODUCT_BUNDLE_IDENTIFIER = com.yaremenko.denis.EFM;
				PRODUCT_NAME = "$(TARGET_NAME:c99extidentifier)";
				SKIP_INSTALL = YES;
				SUPPORTED_PLATFORMS = "macosx iphoneos iphonesimulator";
				SWIFT_EMIT_LOC_STRINGS = YES;
				SWIFT_INSTALL_OBJC_HEADER = NO;
				SWIFT_VERSION = 5.0;
			};
			name = Release;
		};
		8590F1D82D6B4A6F006FC9EC /* Debug */ = {
			isa = XCBuildConfiguration;
			buildSettings = {
				ALWAYS_SEARCH_USER_PATHS = NO;
				ASSETCATALOG_COMPILER_GENERATE_SWIFT_ASSET_SYMBOL_EXTENSIONS = YES;
				CLANG_ANALYZER_NONNULL = YES;
				CLANG_ANALYZER_NUMBER_OBJECT_CONVERSION = YES_AGGRESSIVE;
				CLANG_CXX_LANGUAGE_STANDARD = "gnu++20";
				CLANG_ENABLE_MODULES = YES;
				CLANG_ENABLE_OBJC_ARC = YES;
				CLANG_ENABLE_OBJC_WEAK = YES;
				CLANG_WARN_BLOCK_CAPTURE_AUTORELEASING = YES;
				CLANG_WARN_BOOL_CONVERSION = YES;
				CLANG_WARN_COMMA = YES;
				CLANG_WARN_CONSTANT_CONVERSION = YES;
				CLANG_WARN_DEPRECATED_OBJC_IMPLEMENTATIONS = YES;
				CLANG_WARN_DIRECT_OBJC_ISA_USAGE = YES_ERROR;
				CLANG_WARN_DOCUMENTATION_COMMENTS = YES;
				CLANG_WARN_EMPTY_BODY = YES;
				CLANG_WARN_ENUM_CONVERSION = YES;
				CLANG_WARN_INFINITE_RECURSION = YES;
				CLANG_WARN_INT_CONVERSION = YES;
				CLANG_WARN_NON_LITERAL_NULL_CONVERSION = YES;
				CLANG_WARN_OBJC_IMPLICIT_RETAIN_SELF = YES;
				CLANG_WARN_OBJC_LITERAL_CONVERSION = YES;
				CLANG_WARN_OBJC_ROOT_CLASS = YES_ERROR;
				CLANG_WARN_QUOTED_INCLUDE_IN_FRAMEWORK_HEADER = YES;
				CLANG_WARN_RANGE_LOOP_ANALYSIS = YES;
				CLANG_WARN_STRICT_PROTOTYPES = YES;
				CLANG_WARN_SUSPICIOUS_MOVE = YES;
				CLANG_WARN_UNGUARDED_AVAILABILITY = YES_AGGRESSIVE;
				CLANG_WARN_UNREACHABLE_CODE = YES;
				CLANG_WARN__DUPLICATE_METHOD_MATCH = YES;
				COPY_PHASE_STRIP = NO;
				CURRENT_PROJECT_VERSION = 1;
				DEBUG_INFORMATION_FORMAT = dwarf;
				ENABLE_STRICT_OBJC_MSGSEND = YES;
				ENABLE_TESTABILITY = YES;
				ENABLE_USER_SCRIPT_SANDBOXING = YES;
				GCC_C_LANGUAGE_STANDARD = gnu17;
				GCC_DYNAMIC_NO_PIC = NO;
				GCC_NO_COMMON_BLOCKS = YES;
				GCC_OPTIMIZATION_LEVEL = 0;
				GCC_PREPROCESSOR_DEFINITIONS = (
					"DEBUG=1",
					"$(inherited)",
				);
				GCC_WARN_64_TO_32_BIT_CONVERSION = YES;
				GCC_WARN_ABOUT_RETURN_TYPE = YES_ERROR;
				GCC_WARN_UNDECLARED_SELECTOR = YES;
				GCC_WARN_UNINITIALIZED_AUTOS = YES_AGGRESSIVE;
				GCC_WARN_UNUSED_FUNCTION = YES;
				GCC_WARN_UNUSED_VARIABLE = YES;
				LOCALIZATION_PREFERS_STRING_CATALOGS = YES;
				MACOSX_DEPLOYMENT_TARGET = 15.2;
				MTL_ENABLE_DEBUG_INFO = INCLUDE_SOURCE;
				MTL_FAST_MATH = YES;
				ONLY_ACTIVE_ARCH = YES;
				SDKROOT = macosx;
				SWIFT_ACTIVE_COMPILATION_CONDITIONS = "DEBUG $(inherited)";
				SWIFT_OPTIMIZATION_LEVEL = "-Onone";
				VERSIONING_SYSTEM = "apple-generic";
				VERSION_INFO_PREFIX = "";
			};
			name = Debug;
		};
		8590F1D92D6B4A6F006FC9EC /* Release */ = {
			isa = XCBuildConfiguration;
			buildSettings = {
				ALWAYS_SEARCH_USER_PATHS = NO;
				ASSETCATALOG_COMPILER_GENERATE_SWIFT_ASSET_SYMBOL_EXTENSIONS = YES;
				CLANG_ANALYZER_NONNULL = YES;
				CLANG_ANALYZER_NUMBER_OBJECT_CONVERSION = YES_AGGRESSIVE;
				CLANG_CXX_LANGUAGE_STANDARD = "gnu++20";
				CLANG_ENABLE_MODULES = YES;
				CLANG_ENABLE_OBJC_ARC = YES;
				CLANG_ENABLE_OBJC_WEAK = YES;
				CLANG_WARN_BLOCK_CAPTURE_AUTORELEASING = YES;
				CLANG_WARN_BOOL_CONVERSION = YES;
				CLANG_WARN_COMMA = YES;
				CLANG_WARN_CONSTANT_CONVERSION = YES;
				CLANG_WARN_DEPRECATED_OBJC_IMPLEMENTATIONS = YES;
				CLANG_WARN_DIRECT_OBJC_ISA_USAGE = YES_ERROR;
				CLANG_WARN_DOCUMENTATION_COMMENTS = YES;
				CLANG_WARN_EMPTY_BODY = YES;
				CLANG_WARN_ENUM_CONVERSION = YES;
				CLANG_WARN_INFINITE_RECURSION = YES;
				CLANG_WARN_INT_CONVERSION = YES;
				CLANG_WARN_NON_LITERAL_NULL_CONVERSION = YES;
				CLANG_WARN_OBJC_IMPLICIT_RETAIN_SELF = YES;
				CLANG_WARN_OBJC_LITERAL_CONVERSION = YES;
				CLANG_WARN_OBJC_ROOT_CLASS = YES_ERROR;
				CLANG_WARN_QUOTED_INCLUDE_IN_FRAMEWORK_HEADER = YES;
				CLANG_WARN_RANGE_LOOP_ANALYSIS = YES;
				CLANG_WARN_STRICT_PROTOTYPES = YES;
				CLANG_WARN_SUSPICIOUS_MOVE = YES;
				CLANG_WARN_UNGUARDED_AVAILABILITY = YES_AGGRESSIVE;
				CLANG_WARN_UNREACHABLE_CODE = YES;
				CLANG_WARN__DUPLICATE_METHOD_MATCH = YES;
				COPY_PHASE_STRIP = NO;
				CURRENT_PROJECT_VERSION = 1;
				DEBUG_INFORMATION_FORMAT = "dwarf-with-dsym";
				ENABLE_NS_ASSERTIONS = NO;
				ENABLE_STRICT_OBJC_MSGSEND = YES;
				ENABLE_USER_SCRIPT_SANDBOXING = YES;
				GCC_C_LANGUAGE_STANDARD = gnu17;
				GCC_NO_COMMON_BLOCKS = YES;
				GCC_WARN_64_TO_32_BIT_CONVERSION = YES;
				GCC_WARN_ABOUT_RETURN_TYPE = YES_ERROR;
				GCC_WARN_UNDECLARED_SELECTOR = YES;
				GCC_WARN_UNINITIALIZED_AUTOS = YES_AGGRESSIVE;
				GCC_WARN_UNUSED_FUNCTION = YES;
				GCC_WARN_UNUSED_VARIABLE = YES;
				LOCALIZATION_PREFERS_STRING_CATALOGS = YES;
				MACOSX_DEPLOYMENT_TARGET = 15.2;
				MTL_ENABLE_DEBUG_INFO = NO;
				MTL_FAST_MATH = YES;
				SDKROOT = macosx;
				SWIFT_COMPILATION_MODE = wholemodule;
				VERSIONING_SYSTEM = "apple-generic";
				VERSION_INFO_PREFIX = "";
			};
			name = Release;
		};
		8590F1DB2D6B4A6F006FC9EC /* Debug */ = {
			isa = XCBuildConfiguration;
			buildSettings = {
				CLANG_ENABLE_MODULES = YES;
				CODE_SIGN_STYLE = Automatic;
				CURRENT_PROJECT_VERSION = 1;
				GENERATE_INFOPLIST_FILE = YES;
				MARKETING_VERSION = 1.0;
				PRODUCT_BUNDLE_IDENTIFIER = com.yaremenko.denis.EFMTests;
				PRODUCT_NAME = "$(TARGET_NAME)";
				SUPPORTED_PLATFORMS = "macosx iphonesimulator iphoneos";
				SWIFT_EMIT_LOC_STRINGS = NO;
				SWIFT_OPTIMIZATION_LEVEL = "-Onone";
				SWIFT_VERSION = 5.0;
			};
			name = Debug;
		};
		8590F1DC2D6B4A6F006FC9EC /* Release */ = {
			isa = XCBuildConfiguration;
			buildSettings = {
				CLANG_ENABLE_MODULES = YES;
				CODE_SIGN_STYLE = Automatic;
				CURRENT_PROJECT_VERSION = 1;
				GENERATE_INFOPLIST_FILE = YES;
				MARKETING_VERSION = 1.0;
				PRODUCT_BUNDLE_IDENTIFIER = com.yaremenko.denis.EFMTests;
				PRODUCT_NAME = "$(TARGET_NAME)";
				SUPPORTED_PLATFORMS = "macosx iphonesimulator iphoneos";
				SWIFT_EMIT_LOC_STRINGS = NO;
				SWIFT_VERSION = 5.0;
			};
			name = Release;
		};
/* End XCBuildConfiguration section */

/* Begin XCConfigurationList section */
		850343A12D6B77E400375ABC /* Build configuration list for PBXNativeTarget "EFMiOS" */ = {
			isa = XCConfigurationList;
			buildConfigurations = (
				850343A22D6B77E400375ABC /* Debug */,
				850343A32D6B77E400375ABC /* Release */,
			);
			defaultConfigurationIsVisible = 0;
			defaultConfigurationName = Release;
		};
		850343A42D6B77E400375ABC /* Build configuration list for PBXNativeTarget "EFMiOSTests" */ = {
			isa = XCConfigurationList;
			buildConfigurations = (
				850343A52D6B77E400375ABC /* Debug */,
				850343A62D6B77E400375ABC /* Release */,
			);
			defaultConfigurationIsVisible = 0;
			defaultConfigurationName = Release;
		};
		8590F1BE2D6B4A6F006FC9EC /* Build configuration list for PBXProject "EFM" */ = {
			isa = XCConfigurationList;
			buildConfigurations = (
				8590F1D82D6B4A6F006FC9EC /* Debug */,
				8590F1D92D6B4A6F006FC9EC /* Release */,
			);
			defaultConfigurationIsVisible = 0;
			defaultConfigurationName = Release;
		};
		8590F1D52D6B4A6F006FC9EC /* Build configuration list for PBXNativeTarget "EFM" */ = {
			isa = XCConfigurationList;
			buildConfigurations = (
				8590F1D62D6B4A6F006FC9EC /* Debug */,
				8590F1D72D6B4A6F006FC9EC /* Release */,
			);
			defaultConfigurationIsVisible = 0;
			defaultConfigurationName = Release;
		};
		8590F1DA2D6B4A6F006FC9EC /* Build configuration list for PBXNativeTarget "EFMTests" */ = {
			isa = XCConfigurationList;
			buildConfigurations = (
				8590F1DB2D6B4A6F006FC9EC /* Debug */,
				8590F1DC2D6B4A6F006FC9EC /* Release */,
			);
			defaultConfigurationIsVisible = 0;
			defaultConfigurationName = Release;
		};
/* End XCConfigurationList section */
	};
	rootObject = 8590F1BB2D6B4A6F006FC9EC /* Project object */;
}
