// !$*UTF8*$!
{
	archiveVersion = 1;
	classes = {
	};
	objectVersion = 77;
	objects = {

/* Begin PBXBuildFile section */
		8519908B2D807D23000C57B9 /* EFM.framework in Frameworks */ = {isa = PBXBuildFile; fileRef = 851990892D807D23000C57B9 /* EFM.framework */; };
		8519908C2D807D23000C57B9 /* EFM.framework in Embed Frameworks */ = {isa = PBXBuildFile; fileRef = 851990892D807D23000C57B9 /* EFM.framework */; settings = {ATTRIBUTES = (CodeSignOnCopy, RemoveHeadersOnCopy, ); }; };
		8519908D2D807D23000C57B9 /* EFMiOS.framework in Frameworks */ = {isa = PBXBuildFile; fileRef = 8519908A2D807D23000C57B9 /* EFMiOS.framework */; };
		8519908E2D807D23000C57B9 /* EFMiOS.framework in Embed Frameworks */ = {isa = PBXBuildFile; fileRef = 8519908A2D807D23000C57B9 /* EFMiOS.framework */; settings = {ATTRIBUTES = (CodeSignOnCopy, RemoveHeadersOnCopy, ); }; };
		B6AB4148CD9B528570BD57C5 /* libPods-EAM.a in Frameworks */ = {isa = PBXBuildFile; fileRef = 200803E1ABB9085DA92B8EA8 /* libPods-EAM.a */; };
/* End PBXBuildFile section */

/* Begin PBXContainerItemProxy section */
		85CF10852D8308D7000F0C6A /* PBXContainerItemProxy */ = {
			isa = PBXContainerItemProxy;
			containerPortal = 85198CFD2D806C41000C57B9 /* Project object */;
			proxyType = 1;
			remoteGlobalIDString = 85198D042D806C41000C57B9;
			remoteInfo = EAM;
		};
		85CF10942D8308F1000F0C6A /* PBXContainerItemProxy */ = {
			isa = PBXContainerItemProxy;
			containerPortal = 85198CFD2D806C41000C57B9 /* Project object */;
			proxyType = 1;
			remoteGlobalIDString = 85198D042D806C41000C57B9;
			remoteInfo = EAM;
		};
/* End PBXContainerItemProxy section */

/* Begin PBXCopyFilesBuildPhase section */
		8519908F2D807D23000C57B9 /* Embed Frameworks */ = {
			isa = PBXCopyFilesBuildPhase;
			buildActionMask = 2147483647;
			dstPath = "";
			dstSubfolderSpec = 10;
			files = (
				8519908C2D807D23000C57B9 /* EFM.framework in Embed Frameworks */,
				8519908E2D807D23000C57B9 /* EFMiOS.framework in Embed Frameworks */,
			);
			name = "Embed Frameworks";
			runOnlyForDeploymentPostprocessing = 0;
		};
/* End PBXCopyFilesBuildPhase section */

/* Begin PBXFileReference section */
		200803E1ABB9085DA92B8EA8 /* libPods-EAM.a */ = {isa = PBXFileReference; explicitFileType = archive.ar; includeInIndex = 0; path = "libPods-EAM.a"; sourceTree = BUILT_PRODUCTS_DIR; };
		85198D052D806C41000C57B9 /* EAM.app */ = {isa = PBXFileReference; explicitFileType = wrapper.application; includeInIndex = 0; path = EAM.app; sourceTree = BUILT_PRODUCTS_DIR; };
		851990892D807D23000C57B9 /* EFM.framework */ = {isa = PBXFileReference; explicitFileType = wrapper.framework; path = EFM.framework; sourceTree = BUILT_PRODUCTS_DIR; };
		8519908A2D807D23000C57B9 /* EFMiOS.framework */ = {isa = PBXFileReference; explicitFileType = wrapper.framework; path = EFMiOS.framework; sourceTree = BUILT_PRODUCTS_DIR; };
		85CF10812D8308D7000F0C6A /* EAMTests.xctest */ = {isa = PBXFileReference; explicitFileType = wrapper.cfbundle; includeInIndex = 0; path = EAMTests.xctest; sourceTree = BUILT_PRODUCTS_DIR; };
		85CF108E2D8308F0000F0C6A /* EAMUIAcceptanceTests.xctest */ = {isa = PBXFileReference; explicitFileType = wrapper.cfbundle; includeInIndex = 0; path = EAMUIAcceptanceTests.xctest; sourceTree = BUILT_PRODUCTS_DIR; };
		974AF34F27EF3382AF91EE2F /* Pods-EAM.debug.xcconfig */ = {isa = PBXFileReference; includeInIndex = 1; lastKnownFileType = text.xcconfig; name = "Pods-EAM.debug.xcconfig"; path = "Target Support Files/Pods-EAM/Pods-EAM.debug.xcconfig"; sourceTree = "<group>"; };
		D25E074A708AA3B4244E3EE3 /* Pods-EAM.release.xcconfig */ = {isa = PBXFileReference; includeInIndex = 1; lastKnownFileType = text.xcconfig; name = "Pods-EAM.release.xcconfig"; path = "Target Support Files/Pods-EAM/Pods-EAM.release.xcconfig"; sourceTree = "<group>"; };
/* End PBXFileReference section */

/* Begin PBXFileSystemSynchronizedBuildFileExceptionSet section */
		85198D2D2D806C43000C57B9 /* Exceptions for "EAM" folder in "EAM" target */ = {
			isa = PBXFileSystemSynchronizedBuildFileExceptionSet;
			membershipExceptions = (
				Info.plist,
			);
			target = 85198D042D806C41000C57B9 /* EAM */;
		};
/* End PBXFileSystemSynchronizedBuildFileExceptionSet section */

/* Begin PBXFileSystemSynchronizedRootGroup section */
		85198D072D806C41000C57B9 /* EAM */ = {
			isa = PBXFileSystemSynchronizedRootGroup;
			exceptions = (
				85198D2D2D806C43000C57B9 /* Exceptions for "EAM" folder in "EAM" target */,
			);
			path = EAM;
			sourceTree = "<group>";
		};
		85CF10822D8308D7000F0C6A /* EAMTests */ = {
			isa = PBXFileSystemSynchronizedRootGroup;
			exceptions = (
			);
			path = EAMTests;
			sourceTree = "<group>";
		};
		85CF108F2D8308F1000F0C6A /* EAMUIAcceptanceTests */ = {
			isa = PBXFileSystemSynchronizedRootGroup;
			exceptions = (
			);
			path = EAMUIAcceptanceTests;
			sourceTree = "<group>";
		};
/* End PBXFileSystemSynchronizedRootGroup section */

/* Begin PBXFrameworksBuildPhase section */
		85198D022D806C41000C57B9 /* Frameworks */ = {
			isa = PBXFrameworksBuildPhase;
			buildActionMask = 2147483647;
			files = (
				8519908B2D807D23000C57B9 /* EFM.framework in Frameworks */,
				8519908D2D807D23000C57B9 /* EFMiOS.framework in Frameworks */,
				B6AB4148CD9B528570BD57C5 /* libPods-EAM.a in Frameworks */,
			);
			runOnlyForDeploymentPostprocessing = 0;
		};
		85CF107E2D8308D7000F0C6A /* Frameworks */ = {
			isa = PBXFrameworksBuildPhase;
			buildActionMask = 2147483647;
			files = (
			);
			runOnlyForDeploymentPostprocessing = 0;
		};
		85CF108B2D8308F0000F0C6A /* Frameworks */ = {
			isa = PBXFrameworksBuildPhase;
			buildActionMask = 2147483647;
			files = (
			);
			runOnlyForDeploymentPostprocessing = 0;
		};
/* End PBXFrameworksBuildPhase section */

/* Begin PBXGroup section */
		85198CFC2D806C41000C57B9 = {
			isa = PBXGroup;
			children = (
				85198D072D806C41000C57B9 /* EAM */,
				85CF10822D8308D7000F0C6A /* EAMTests */,
				85CF108F2D8308F1000F0C6A /* EAMUIAcceptanceTests */,
				851990882D807D23000C57B9 /* Frameworks */,
				85198D062D806C41000C57B9 /* Products */,
				CCB13488275C217BCDDD8437 /* Pods */,
			);
			sourceTree = "<group>";
		};
		85198D062D806C41000C57B9 /* Products */ = {
			isa = PBXGroup;
			children = (
				85198D052D806C41000C57B9 /* EAM.app */,
				85CF10812D8308D7000F0C6A /* EAMTests.xctest */,
				85CF108E2D8308F0000F0C6A /* EAMUIAcceptanceTests.xctest */,
			);
			name = Products;
			sourceTree = "<group>";
		};
		851990882D807D23000C57B9 /* Frameworks */ = {
			isa = PBXGroup;
			children = (
				851990892D807D23000C57B9 /* EFM.framework */,
				8519908A2D807D23000C57B9 /* EFMiOS.framework */,
				200803E1ABB9085DA92B8EA8 /* libPods-EAM.a */,
			);
			name = Frameworks;
			sourceTree = "<group>";
		};
		CCB13488275C217BCDDD8437 /* Pods */ = {
			isa = PBXGroup;
			children = (
				974AF34F27EF3382AF91EE2F /* Pods-EAM.debug.xcconfig */,
				D25E074A708AA3B4244E3EE3 /* Pods-EAM.release.xcconfig */,
			);
			path = Pods;
			sourceTree = "<group>";
		};
/* End PBXGroup section */

/* Begin PBXNativeTarget section */
		85198D042D806C41000C57B9 /* EAM */ = {
			isa = PBXNativeTarget;
			buildConfigurationList = 85198D2E2D806C43000C57B9 /* Build configuration list for PBXNativeTarget "EAM" */;
			buildPhases = (
				65CED673D1BE9D22A3CBBEDA /* [CP] Check Pods Manifest.lock */,
				85198D012D806C41000C57B9 /* Sources */,
				85198D022D806C41000C57B9 /* Frameworks */,
				85198D032D806C41000C57B9 /* Resources */,
				8519908F2D807D23000C57B9 /* Embed Frameworks */,
				3DE274083019F7E2F5C1A516 /* [CP] Copy Pods Resources */,
			);
			buildRules = (
			);
			dependencies = (
			);
			fileSystemSynchronizedGroups = (
				85198D072D806C41000C57B9 /* EAM */,
			);
			name = EAM;
			productName = EAM;
			productReference = 85198D052D806C41000C57B9 /* EAM.app */;
			productType = "com.apple.product-type.application";
		};
		85CF10802D8308D7000F0C6A /* EAMTests */ = {
			isa = PBXNativeTarget;
			buildConfigurationList = 85CF10872D8308D7000F0C6A /* Build configuration list for PBXNativeTarget "EAMTests" */;
			buildPhases = (
				85CF107D2D8308D7000F0C6A /* Sources */,
				85CF107E2D8308D7000F0C6A /* Frameworks */,
				85CF107F2D8308D7000F0C6A /* Resources */,
			);
			buildRules = (
			);
			dependencies = (
				85CF10862D8308D7000F0C6A /* PBXTargetDependency */,
			);
			fileSystemSynchronizedGroups = (
				85CF10822D8308D7000F0C6A /* EAMTests */,
			);
			name = EAMTests;
			productName = EAMTests;
			productReference = 85CF10812D8308D7000F0C6A /* EAMTests.xctest */;
			productType = "com.apple.product-type.bundle.unit-test";
		};
		85CF108D2D8308F0000F0C6A /* EAMUIAcceptanceTests */ = {
			isa = PBXNativeTarget;
			buildConfigurationList = 85CF10962D8308F1000F0C6A /* Build configuration list for PBXNativeTarget "EAMUIAcceptanceTests" */;
			buildPhases = (
				85CF108A2D8308F0000F0C6A /* Sources */,
				85CF108B2D8308F0000F0C6A /* Frameworks */,
				85CF108C2D8308F0000F0C6A /* Resources */,
			);
			buildRules = (
			);
			dependencies = (
				85CF10952D8308F1000F0C6A /* PBXTargetDependency */,
			);
			fileSystemSynchronizedGroups = (
				85CF108F2D8308F1000F0C6A /* EAMUIAcceptanceTests */,
			);
			name = EAMUIAcceptanceTests;
			productName = EAMUIAcceptanceTests;
			productReference = 85CF108E2D8308F0000F0C6A /* EAMUIAcceptanceTests.xctest */;
			productType = "com.apple.product-type.bundle.ui-testing";
		};
/* End PBXNativeTarget section */

/* Begin PBXProject section */
		85198CFD2D806C41000C57B9 /* Project object */ = {
			isa = PBXProject;
			attributes = {
				BuildIndependentTargetsInParallel = 1;
				LastSwiftUpdateCheck = 1620;
				LastUpgradeCheck = 1620;
				TargetAttributes = {
					85198D042D806C41000C57B9 = {
						CreatedOnToolsVersion = 16.2;
					};
					85CF10802D8308D7000F0C6A = {
						CreatedOnToolsVersion = 16.2;
						TestTargetID = 85198D042D806C41000C57B9;
					};
					85CF108D2D8308F0000F0C6A = {
						CreatedOnToolsVersion = 16.2;
						TestTargetID = 85198D042D806C41000C57B9;
					};
				};
			};
			buildConfigurationList = 85198D002D806C41000C57B9 /* Build configuration list for PBXProject "EAM" */;
			developmentRegion = en;
			hasScannedForEncodings = 0;
			knownRegions = (
				en,
				Base,
			);
			mainGroup = 85198CFC2D806C41000C57B9;
			minimizedProjectReferenceProxies = 1;
			preferredProjectObjectVersion = 77;
			productRefGroup = 85198D062D806C41000C57B9 /* Products */;
			projectDirPath = "";
			projectRoot = "";
			targets = (
				85198D042D806C41000C57B9 /* EAM */,
				85CF10802D8308D7000F0C6A /* EAMTests */,
				85CF108D2D8308F0000F0C6A /* EAMUIAcceptanceTests */,
			);
		};
/* End PBXProject section */

/* Begin PBXResourcesBuildPhase section */
		85198D032D806C41000C57B9 /* Resources */ = {
			isa = PBXResourcesBuildPhase;
			buildActionMask = 2147483647;
			files = (
			);
			runOnlyForDeploymentPostprocessing = 0;
		};
		85CF107F2D8308D7000F0C6A /* Resources */ = {
			isa = PBXResourcesBuildPhase;
			buildActionMask = 2147483647;
			files = (
			);
			runOnlyForDeploymentPostprocessing = 0;
		};
		85CF108C2D8308F0000F0C6A /* Resources */ = {
			isa = PBXResourcesBuildPhase;
			buildActionMask = 2147483647;
			files = (
			);
			runOnlyForDeploymentPostprocessing = 0;
		};
/* End PBXResourcesBuildPhase section */

/* Begin PBXShellScriptBuildPhase section */
		3DE274083019F7E2F5C1A516 /* [CP] Copy Pods Resources */ = {
			isa = PBXShellScriptBuildPhase;
			buildActionMask = 2147483647;
			files = (
			);
			inputFileListPaths = (
				"${PODS_ROOT}/Target Support Files/Pods-EAM/Pods-EAM-resources-${CONFIGURATION}-input-files.xcfilelist",
			);
			name = "[CP] Copy Pods Resources";
			outputFileListPaths = (
				"${PODS_ROOT}/Target Support Files/Pods-EAM/Pods-EAM-resources-${CONFIGURATION}-output-files.xcfilelist",
			);
			runOnlyForDeploymentPostprocessing = 0;
			shellPath = /bin/sh;
			shellScript = "\"${PODS_ROOT}/Target Support Files/Pods-EAM/Pods-EAM-resources.sh\"\n";
			showEnvVarsInLog = 0;
		};
		65CED673D1BE9D22A3CBBEDA /* [CP] Check Pods Manifest.lock */ = {
			isa = PBXShellScriptBuildPhase;
			buildActionMask = 2147483647;
			files = (
			);
			inputFileListPaths = (
			);
			inputPaths = (
				"${PODS_PODFILE_DIR_PATH}/Podfile.lock",
				"${PODS_ROOT}/Manifest.lock",
			);
			name = "[CP] Check Pods Manifest.lock";
			outputFileListPaths = (
			);
			outputPaths = (
				"$(DERIVED_FILE_DIR)/Pods-EAM-checkManifestLockResult.txt",
			);
			runOnlyForDeploymentPostprocessing = 0;
			shellPath = /bin/sh;
			shellScript = "diff \"${PODS_PODFILE_DIR_PATH}/Podfile.lock\" \"${PODS_ROOT}/Manifest.lock\" > /dev/null\nif [ $? != 0 ] ; then\n    # print error to STDERR\n    echo \"error: The sandbox is not in sync with the Podfile.lock. Run 'pod install' or update your CocoaPods installation.\" >&2\n    exit 1\nfi\n# This output is used by Xcode 'outputs' to avoid re-running this script phase.\necho \"SUCCESS\" > \"${SCRIPT_OUTPUT_FILE_0}\"\n";
			showEnvVarsInLog = 0;
		};
/* End PBXShellScriptBuildPhase section */

/* Begin PBXSourcesBuildPhase section */
		85198D012D806C41000C57B9 /* Sources */ = {
			isa = PBXSourcesBuildPhase;
			buildActionMask = 2147483647;
			files = (
			);
			runOnlyForDeploymentPostprocessing = 0;
		};
		85CF107D2D8308D7000F0C6A /* Sources */ = {
			isa = PBXSourcesBuildPhase;
			buildActionMask = 2147483647;
			files = (
			);
			runOnlyForDeploymentPostprocessing = 0;
		};
		85CF108A2D8308F0000F0C6A /* Sources */ = {
			isa = PBXSourcesBuildPhase;
			buildActionMask = 2147483647;
			files = (
			);
			runOnlyForDeploymentPostprocessing = 0;
		};
/* End PBXSourcesBuildPhase section */

/* Begin PBXTargetDependency section */
		85CF10862D8308D7000F0C6A /* PBXTargetDependency */ = {
			isa = PBXTargetDependency;
			target = 85198D042D806C41000C57B9 /* EAM */;
			targetProxy = 85CF10852D8308D7000F0C6A /* PBXContainerItemProxy */;
		};
		85CF10952D8308F1000F0C6A /* PBXTargetDependency */ = {
			isa = PBXTargetDependency;
			target = 85198D042D806C41000C57B9 /* EAM */;
			targetProxy = 85CF10942D8308F1000F0C6A /* PBXContainerItemProxy */;
		};
/* End PBXTargetDependency section */

/* Begin XCBuildConfiguration section */
		85198D2F2D806C43000C57B9 /* Debug */ = {
			isa = XCBuildConfiguration;
			baseConfigurationReference = 974AF34F27EF3382AF91EE2F /* Pods-EAM.debug.xcconfig */;
			buildSettings = {
				ASSETCATALOG_COMPILER_APPICON_NAME = AppIcon;
				ASSETCATALOG_COMPILER_GLOBAL_ACCENT_COLOR_NAME = AccentColor;
				"CODE_SIGN_IDENTITY[sdk=iphoneos*]" = "iPhone Developer";
				CODE_SIGN_STYLE = Manual;
				CURRENT_PROJECT_VERSION = 1;
				DEVELOPMENT_TEAM = "";
				"DEVELOPMENT_TEAM[sdk=iphoneos*]" = R93AWAT28J;
				GENERATE_INFOPLIST_FILE = YES;
				INFOPLIST_FILE = EAM/Info.plist;
				INFOPLIST_KEY_UIApplicationSupportsIndirectInputEvents = YES;
				INFOPLIST_KEY_UILaunchStoryboardName = LaunchScreen;
				INFOPLIST_KEY_UISupportedInterfaceOrientations_iPad = "UIInterfaceOrientationPortrait UIInterfaceOrientationPortraitUpsideDown UIInterfaceOrientationLandscapeLeft UIInterfaceOrientationLandscapeRight";
				INFOPLIST_KEY_UISupportedInterfaceOrientations_iPhone = "UIInterfaceOrientationPortrait UIInterfaceOrientationLandscapeLeft UIInterfaceOrientationLandscapeRight";
				LD_RUNPATH_SEARCH_PATHS = (
					"$(inherited)",
					"@executable_path/Frameworks",
				);
				MARKETING_VERSION = 1.0.0;
				PRODUCT_BUNDLE_IDENTIFIER = com.yaremenko.denis.EAM;
				PRODUCT_NAME = "$(TARGET_NAME)";
				PROVISIONING_PROFILE_SPECIFIER = "";
				"PROVISIONING_PROFILE_SPECIFIER[sdk=iphoneos*]" = eam_dev_profile;
				SWIFT_EMIT_LOC_STRINGS = YES;
				SWIFT_VERSION = 5.0;
				TARGETED_DEVICE_FAMILY = "1,2";
				VERSIONING_SYSTEM = "apple-generic";
			};
			name = Debug;
		};
		85198D302D806C43000C57B9 /* Release */ = {
			isa = XCBuildConfiguration;
			baseConfigurationReference = D25E074A708AA3B4244E3EE3 /* Pods-EAM.release.xcconfig */;
			buildSettings = {
				ASSETCATALOG_COMPILER_APPICON_NAME = AppIcon;
				ASSETCATALOG_COMPILER_GLOBAL_ACCENT_COLOR_NAME = AccentColor;
				"CODE_SIGN_IDENTITY[sdk=iphoneos*]" = "iPhone Distribution";
				CODE_SIGN_STYLE = Manual;
				CURRENT_PROJECT_VERSION = 1;
				DEVELOPMENT_TEAM = "";
				"DEVELOPMENT_TEAM[sdk=iphoneos*]" = R93AWAT28J;
				GENERATE_INFOPLIST_FILE = YES;
				INFOPLIST_FILE = EAM/Info.plist;
				INFOPLIST_KEY_UIApplicationSupportsIndirectInputEvents = YES;
				INFOPLIST_KEY_UILaunchStoryboardName = LaunchScreen;
				INFOPLIST_KEY_UISupportedInterfaceOrientations_iPad = "UIInterfaceOrientationPortrait UIInterfaceOrientationPortraitUpsideDown UIInterfaceOrientationLandscapeLeft UIInterfaceOrientationLandscapeRight";
				INFOPLIST_KEY_UISupportedInterfaceOrientations_iPhone = "UIInterfaceOrientationPortrait UIInterfaceOrientationLandscapeLeft UIInterfaceOrientationLandscapeRight";
				LD_RUNPATH_SEARCH_PATHS = (
					"$(inherited)",
					"@executable_path/Frameworks",
				);
				MARKETING_VERSION = 1.0.0;
				PRODUCT_BUNDLE_IDENTIFIER = com.yaremenko.denis.EAM;
				PRODUCT_NAME = "$(TARGET_NAME)";
				PROVISIONING_PROFILE_SPECIFIER = "";
				"PROVISIONING_PROFILE_SPECIFIER[sdk=iphoneos*]" = eam_prod_profile;
				SWIFT_EMIT_LOC_STRINGS = YES;
				SWIFT_VERSION = 5.0;
				TARGETED_DEVICE_FAMILY = "1,2";
				VERSIONING_SYSTEM = "apple-generic";
			};
			name = Release;
		};
		85198D312D806C43000C57B9 /* Debug */ = {
			isa = XCBuildConfiguration;
			buildSettings = {
				ALWAYS_SEARCH_USER_PATHS = NO;
				ASSETCATALOG_COMPILER_GENERATE_SWIFT_ASSET_SYMBOL_EXTENSIONS = YES;
				CLANG_ANALYZER_NONNULL = YES;
				CLANG_ANALYZER_NUMBER_OBJECT_CONVERSION = YES_AGGRESSIVE;
				CLANG_CXX_LANGUAGE_STANDARD = "gnu++20";
				CLANG_ENABLE_MODULES = YES;
				CLANG_ENABLE_OBJC_ARC = YES;
				CLANG_ENABLE_OBJC_WEAK = YES;
				CLANG_WARN_BLOCK_CAPTURE_AUTORELEASING = YES;
				CLANG_WARN_BOOL_CONVERSION = YES;
				CLANG_WARN_COMMA = YES;
				CLANG_WARN_CONSTANT_CONVERSION = YES;
				CLANG_WARN_DEPRECATED_OBJC_IMPLEMENTATIONS = YES;
				CLANG_WARN_DIRECT_OBJC_ISA_USAGE = YES_ERROR;
				CLANG_WARN_DOCUMENTATION_COMMENTS = YES;
				CLANG_WARN_EMPTY_BODY = YES;
				CLANG_WARN_ENUM_CONVERSION = YES;
				CLANG_WARN_INFINITE_RECURSION = YES;
				CLANG_WARN_INT_CONVERSION = YES;
				CLANG_WARN_NON_LITERAL_NULL_CONVERSION = YES;
				CLANG_WARN_OBJC_IMPLICIT_RETAIN_SELF = YES;
				CLANG_WARN_OBJC_LITERAL_CONVERSION = YES;
				CLANG_WARN_OBJC_ROOT_CLASS = YES_ERROR;
				CLANG_WARN_QUOTED_INCLUDE_IN_FRAMEWORK_HEADER = YES;
				CLANG_WARN_RANGE_LOOP_ANALYSIS = YES;
				CLANG_WARN_STRICT_PROTOTYPES = YES;
				CLANG_WARN_SUSPICIOUS_MOVE = YES;
				CLANG_WARN_UNGUARDED_AVAILABILITY = YES_AGGRESSIVE;
				CLANG_WARN_UNREACHABLE_CODE = YES;
				CLANG_WARN__DUPLICATE_METHOD_MATCH = YES;
				COPY_PHASE_STRIP = NO;
				DEBUG_INFORMATION_FORMAT = dwarf;
				ENABLE_STRICT_OBJC_MSGSEND = YES;
				ENABLE_TESTABILITY = YES;
				ENABLE_USER_SCRIPT_SANDBOXING = YES;
				GCC_C_LANGUAGE_STANDARD = gnu17;
				GCC_DYNAMIC_NO_PIC = NO;
				GCC_NO_COMMON_BLOCKS = YES;
				GCC_OPTIMIZATION_LEVEL = 0;
				GCC_PREPROCESSOR_DEFINITIONS = (
					"DEBUG=1",
					"$(inherited)",
				);
				GCC_WARN_64_TO_32_BIT_CONVERSION = YES;
				GCC_WARN_ABOUT_RETURN_TYPE = YES_ERROR;
				GCC_WARN_UNDECLARED_SELECTOR = YES;
				GCC_WARN_UNINITIALIZED_AUTOS = YES_AGGRESSIVE;
				GCC_WARN_UNUSED_FUNCTION = YES;
				GCC_WARN_UNUSED_VARIABLE = YES;
				IPHONEOS_DEPLOYMENT_TARGET = 18.2;
				LOCALIZATION_PREFERS_STRING_CATALOGS = YES;
				MTL_ENABLE_DEBUG_INFO = INCLUDE_SOURCE;
				MTL_FAST_MATH = YES;
				ONLY_ACTIVE_ARCH = YES;
				SDKROOT = iphoneos;
				SWIFT_ACTIVE_COMPILATION_CONDITIONS = "DEBUG $(inherited)";
				SWIFT_OPTIMIZATION_LEVEL = "-Onone";
				VERSIONING_SYSTEM = "";
			};
			name = Debug;
		};
		85198D322D806C43000C57B9 /* Release */ = {
			isa = XCBuildConfiguration;
			buildSettings = {
				ALWAYS_SEARCH_USER_PATHS = NO;
				ASSETCATALOG_COMPILER_GENERATE_SWIFT_ASSET_SYMBOL_EXTENSIONS = YES;
				CLANG_ANALYZER_NONNULL = YES;
				CLANG_ANALYZER_NUMBER_OBJECT_CONVERSION = YES_AGGRESSIVE;
				CLANG_CXX_LANGUAGE_STANDARD = "gnu++20";
				CLANG_ENABLE_MODULES = YES;
				CLANG_ENABLE_OBJC_ARC = YES;
				CLANG_ENABLE_OBJC_WEAK = YES;
				CLANG_WARN_BLOCK_CAPTURE_AUTORELEASING = YES;
				CLANG_WARN_BOOL_CONVERSION = YES;
				CLANG_WARN_COMMA = YES;
				CLANG_WARN_CONSTANT_CONVERSION = YES;
				CLANG_WARN_DEPRECATED_OBJC_IMPLEMENTATIONS = YES;
				CLANG_WARN_DIRECT_OBJC_ISA_USAGE = YES_ERROR;
				CLANG_WARN_DOCUMENTATION_COMMENTS = YES;
				CLANG_WARN_EMPTY_BODY = YES;
				CLANG_WARN_ENUM_CONVERSION = YES;
				CLANG_WARN_INFINITE_RECURSION = YES;
				CLANG_WARN_INT_CONVERSION = YES;
				CLANG_WARN_NON_LITERAL_NULL_CONVERSION = YES;
				CLANG_WARN_OBJC_IMPLICIT_RETAIN_SELF = YES;
				CLANG_WARN_OBJC_LITERAL_CONVERSION = YES;
				CLANG_WARN_OBJC_ROOT_CLASS = YES_ERROR;
				CLANG_WARN_QUOTED_INCLUDE_IN_FRAMEWORK_HEADER = YES;
				CLANG_WARN_RANGE_LOOP_ANALYSIS = YES;
				CLANG_WARN_STRICT_PROTOTYPES = YES;
				CLANG_WARN_SUSPICIOUS_MOVE = YES;
				CLANG_WARN_UNGUARDED_AVAILABILITY = YES_AGGRESSIVE;
				CLANG_WARN_UNREACHABLE_CODE = YES;
				CLANG_WARN__DUPLICATE_METHOD_MATCH = YES;
				COPY_PHASE_STRIP = NO;
				DEBUG_INFORMATION_FORMAT = "dwarf-with-dsym";
				ENABLE_NS_ASSERTIONS = NO;
				ENABLE_STRICT_OBJC_MSGSEND = YES;
				ENABLE_USER_SCRIPT_SANDBOXING = YES;
				GCC_C_LANGUAGE_STANDARD = gnu17;
				GCC_NO_COMMON_BLOCKS = YES;
				GCC_WARN_64_TO_32_BIT_CONVERSION = YES;
				GCC_WARN_ABOUT_RETURN_TYPE = YES_ERROR;
				GCC_WARN_UNDECLARED_SELECTOR = YES;
				GCC_WARN_UNINITIALIZED_AUTOS = YES_AGGRESSIVE;
				GCC_WARN_UNUSED_FUNCTION = YES;
				GCC_WARN_UNUSED_VARIABLE = YES;
				IPHONEOS_DEPLOYMENT_TARGET = 18.2;
				LOCALIZATION_PREFERS_STRING_CATALOGS = YES;
				MTL_ENABLE_DEBUG_INFO = NO;
				MTL_FAST_MATH = YES;
				SDKROOT = iphoneos;
				SWIFT_COMPILATION_MODE = wholemodule;
				VALIDATE_PRODUCT = YES;
				VERSIONING_SYSTEM = "";
			};
			name = Release;
		};
		85CF10882D8308D7000F0C6A /* Debug */ = {
			isa = XCBuildConfiguration;
			buildSettings = {
				BUNDLE_LOADER = "$(TEST_HOST)";
				CODE_SIGN_STYLE = Automatic;
				CURRENT_PROJECT_VERSION = 1;
				GENERATE_INFOPLIST_FILE = YES;
				MARKETING_VERSION = 1.0;
				PRODUCT_BUNDLE_IDENTIFIER = com.yaremenko.denis.EAMTests;
				PRODUCT_NAME = "$(TARGET_NAME)";
				SWIFT_EMIT_LOC_STRINGS = NO;
				SWIFT_VERSION = 5.0;
				TARGETED_DEVICE_FAMILY = "1,2";
				TEST_HOST = "$(BUILT_PRODUCTS_DIR)/EAM.app/$(BUNDLE_EXECUTABLE_FOLDER_PATH)/EAM";
			};
			name = Debug;
		};
		85CF10892D8308D7000F0C6A /* Release */ = {
			isa = XCBuildConfiguration;
			buildSettings = {
				BUNDLE_LOADER = "$(TEST_HOST)";
				CODE_SIGN_STYLE = Automatic;
				CURRENT_PROJECT_VERSION = 1;
				GENERATE_INFOPLIST_FILE = YES;
				MARKETING_VERSION = 1.0;
				PRODUCT_BUNDLE_IDENTIFIER = com.yaremenko.denis.EAMTests;
				PRODUCT_NAME = "$(TARGET_NAME)";
				SWIFT_EMIT_LOC_STRINGS = NO;
				SWIFT_VERSION = 5.0;
				TARGETED_DEVICE_FAMILY = "1,2";
				TEST_HOST = "$(BUILT_PRODUCTS_DIR)/EAM.app/$(BUNDLE_EXECUTABLE_FOLDER_PATH)/EAM";
			};
			name = Release;
		};
		85CF10972D8308F1000F0C6A /* Debug */ = {
			isa = XCBuildConfiguration;
			buildSettings = {
				CODE_SIGN_STYLE = Automatic;
				CURRENT_PROJECT_VERSION = 1;
				GENERATE_INFOPLIST_FILE = YES;
				MARKETING_VERSION = 1.0;
				PRODUCT_BUNDLE_IDENTIFIER = com.yaremenko.denis.EAMUIAcceptanceTests;
				PRODUCT_NAME = "$(TARGET_NAME)";
				SWIFT_EMIT_LOC_STRINGS = NO;
				SWIFT_VERSION = 5.0;
				TARGETED_DEVICE_FAMILY = "1,2";
				TEST_TARGET_NAME = EAM;
			};
			name = Debug;
		};
		85CF10982D8308F1000F0C6A /* Release */ = {
			isa = XCBuildConfiguration;
			buildSettings = {
				CODE_SIGN_STYLE = Automatic;
				CURRENT_PROJECT_VERSION = 1;
				GENERATE_INFOPLIST_FILE = YES;
				MARKETING_VERSION = 1.0;
				PRODUCT_BUNDLE_IDENTIFIER = com.yaremenko.denis.EAMUIAcceptanceTests;
				PRODUCT_NAME = "$(TARGET_NAME)";
				SWIFT_EMIT_LOC_STRINGS = NO;
				SWIFT_VERSION = 5.0;
				TARGETED_DEVICE_FAMILY = "1,2";
				TEST_TARGET_NAME = EAM;
			};
			name = Release;
		};
/* End XCBuildConfiguration section */

/* Begin XCConfigurationList section */
		85198D002D806C41000C57B9 /* Build configuration list for PBXProject "EAM" */ = {
			isa = XCConfigurationList;
			buildConfigurations = (
				85198D312D806C43000C57B9 /* Debug */,
				85198D322D806C43000C57B9 /* Release */,
			);
			defaultConfigurationIsVisible = 0;
			defaultConfigurationName = Release;
		};
		85198D2E2D806C43000C57B9 /* Build configuration list for PBXNativeTarget "EAM" */ = {
			isa = XCConfigurationList;
			buildConfigurations = (
				85198D2F2D806C43000C57B9 /* Debug */,
				85198D302D806C43000C57B9 /* Release */,
			);
			defaultConfigurationIsVisible = 0;
			defaultConfigurationName = Release;
		};
		85CF10872D8308D7000F0C6A /* Build configuration list for PBXNativeTarget "EAMTests" */ = {
			isa = XCConfigurationList;
			buildConfigurations = (
				85CF10882D8308D7000F0C6A /* Debug */,
				85CF10892D8308D7000F0C6A /* Release */,
			);
			defaultConfigurationIsVisible = 0;
			defaultConfigurationName = Release;
		};
		85CF10962D8308F1000F0C6A /* Build configuration list for PBXNativeTarget "EAMUIAcceptanceTests" */ = {
			isa = XCConfigurationList;
			buildConfigurations = (
				85CF10972D8308F1000F0C6A /* Debug */,
				85CF10982D8308F1000F0C6A /* Release */,
			);
			defaultConfigurationIsVisible = 0;
			defaultConfigurationName = Release;
		};
/* End XCConfigurationList section */
	};
	rootObject = 85198CFD2D806C41000C57B9 /* Project object */;
}
